// !$*UTF8*$!
{
	archiveVersion = 1;
	classes = {
	};
	objectVersion = 50;
	objects = {

/* Begin PBXBuildFile section */
		DD1C26DB23819EFE00CBB83D /* UIViewRepresentable+Example.swift in Sources */ = {isa = PBXBuildFile; fileRef = DD1C26DA23819EFE00CBB83D /* UIViewRepresentable+Example.swift */; };
		DD1C26DD2381A21B00CBB83D /* Previewer+Example.swift in Sources */ = {isa = PBXBuildFile; fileRef = DD1C26DC2381A21B00CBB83D /* Previewer+Example.swift */; };
		DD2814D52380C5AA006C92A2 /* AppDelegate.swift in Sources */ = {isa = PBXBuildFile; fileRef = DD2814D42380C5AA006C92A2 /* AppDelegate.swift */; };
		DD2814D72380C5AA006C92A2 /* SceneDelegate.swift in Sources */ = {isa = PBXBuildFile; fileRef = DD2814D62380C5AA006C92A2 /* SceneDelegate.swift */; };
		DD2814DA2380C5AA006C92A2 /* SwiftUIMeetup.xcdatamodeld in Sources */ = {isa = PBXBuildFile; fileRef = DD2814D82380C5AA006C92A2 /* SwiftUIMeetup.xcdatamodeld */; };
		DD2814DE2380C5AC006C92A2 /* Assets.xcassets in Resources */ = {isa = PBXBuildFile; fileRef = DD2814DD2380C5AC006C92A2 /* Assets.xcassets */; };
		DD2814E12380C5AC006C92A2 /* Preview Assets.xcassets in Resources */ = {isa = PBXBuildFile; fileRef = DD2814E02380C5AC006C92A2 /* Preview Assets.xcassets */; };
		DD2814E42380C5AC006C92A2 /* LaunchScreen.storyboard in Resources */ = {isa = PBXBuildFile; fileRef = DD2814E22380C5AC006C92A2 /* LaunchScreen.storyboard */; };
		DD2814EC2380C63D006C92A2 /* SlidesView.swift in Sources */ = {isa = PBXBuildFile; fileRef = DD2814EB2380C63D006C92A2 /* SlidesView.swift */; };
		DD2814EE2380C711006C92A2 /* StartView.swift in Sources */ = {isa = PBXBuildFile; fileRef = DD2814ED2380C711006C92A2 /* StartView.swift */; };
		DD2814F22380DF05006C92A2 /* SlideTemplateView.swift in Sources */ = {isa = PBXBuildFile; fileRef = DD2814F12380DF05006C92A2 /* SlideTemplateView.swift */; };
		DD2814F42380ECD3006C92A2 /* SlideRowView.swift in Sources */ = {isa = PBXBuildFile; fileRef = DD2814F32380ECD3006C92A2 /* SlideRowView.swift */; };
		DD2814F72380ED67006C92A2 /* HeaderView.swift in Sources */ = {isa = PBXBuildFile; fileRef = DD2814F62380ED67006C92A2 /* HeaderView.swift */; };
		DD9CBFE72380F0B6006C2945 /* Slides.swift in Sources */ = {isa = PBXBuildFile; fileRef = DD9CBFE62380F0B6006C2945 /* Slides.swift */; };
		DDDD2E7A2381B7BA00CFF0B6 /* Test.swift in Sources */ = {isa = PBXBuildFile; fileRef = DDDD2E792381B7BA00CFF0B6 /* Test.swift */; };
		DDE867DD23816C360005C81B /* DataBinding+Example.swift in Sources */ = {isa = PBXBuildFile; fileRef = DDE867DC23816C360005C81B /* DataBinding+Example.swift */; };
		DDE867DF23816CCD0005C81B /* SwiftUICodeStructure+Example.swift in Sources */ = {isa = PBXBuildFile; fileRef = DDE867DE23816CCD0005C81B /* SwiftUICodeStructure+Example.swift */; };
		DDE867E123816D1F0005C81B /* StateAndDataFlow+Example.swift in Sources */ = {isa = PBXBuildFile; fileRef = DDE867E023816D1F0005C81B /* StateAndDataFlow+Example.swift */; };
		DDE867E523816E660005C81B /* Codable+Example.swift in Sources */ = {isa = PBXBuildFile; fileRef = DDE867E423816E660005C81B /* Codable+Example.swift */; };
		DDE867E723817F7A0005C81B /* StackFamily+Example.swift in Sources */ = {isa = PBXBuildFile; fileRef = DDE867E623817F7A0005C81B /* StackFamily+Example.swift */; };
		DDE867E9238182CB0005C81B /* List_Example.swift in Sources */ = {isa = PBXBuildFile; fileRef = DDE867E8238182CB0005C81B /* List_Example.swift */; };
		DDE867EB238188CC0005C81B /* Form+Example.swift in Sources */ = {isa = PBXBuildFile; fileRef = DDE867EA238188CC0005C81B /* Form+Example.swift */; };
		DDE867ED23818BDA0005C81B /* ViewModifier+Example.swift in Sources */ = {isa = PBXBuildFile; fileRef = DDE867EC23818BDA0005C81B /* ViewModifier+Example.swift */; };
		DDE867EF2381948B0005C81B /* Button+Example.swift in Sources */ = {isa = PBXBuildFile; fileRef = DDE867EE2381948B0005C81B /* Button+Example.swift */; };
		DDE867F1238198C00005C81B /* UIViewControllerRepresentable+Example.swift in Sources */ = {isa = PBXBuildFile; fileRef = DDE867F0238198C00005C81B /* UIViewControllerRepresentable+Example.swift */; };
		DDEBC5EF2381507E00DAE84B /* Slide.swift in Sources */ = {isa = PBXBuildFile; fileRef = DDEBC5EE2381507E00DAE84B /* Slide.swift */; };
		DDEBC5F123815D4D00DAE84B /* Slide1Example.swift in Sources */ = {isa = PBXBuildFile; fileRef = DDEBC5F023815D4D00DAE84B /* Slide1Example.swift */; };
/* End PBXBuildFile section */

/* Begin PBXFileReference section */
		DD1C26DA23819EFE00CBB83D /* UIViewRepresentable+Example.swift */ = {isa = PBXFileReference; lastKnownFileType = sourcecode.swift; path = "UIViewRepresentable+Example.swift"; sourceTree = "<group>"; };
		DD1C26DC2381A21B00CBB83D /* Previewer+Example.swift */ = {isa = PBXFileReference; lastKnownFileType = sourcecode.swift; path = "Previewer+Example.swift"; sourceTree = "<group>"; };
		DD2814D12380C5AA006C92A2 /* SwiftUIMeetup.app */ = {isa = PBXFileReference; explicitFileType = wrapper.application; includeInIndex = 0; path = SwiftUIMeetup.app; sourceTree = BUILT_PRODUCTS_DIR; };
		DD2814D42380C5AA006C92A2 /* AppDelegate.swift */ = {isa = PBXFileReference; lastKnownFileType = sourcecode.swift; path = AppDelegate.swift; sourceTree = "<group>"; };
		DD2814D62380C5AA006C92A2 /* SceneDelegate.swift */ = {isa = PBXFileReference; lastKnownFileType = sourcecode.swift; path = SceneDelegate.swift; sourceTree = "<group>"; };
		DD2814D92380C5AA006C92A2 /* SwiftUIMeetup.xcdatamodel */ = {isa = PBXFileReference; lastKnownFileType = wrapper.xcdatamodel; path = SwiftUIMeetup.xcdatamodel; sourceTree = "<group>"; };
		DD2814DD2380C5AC006C92A2 /* Assets.xcassets */ = {isa = PBXFileReference; lastKnownFileType = folder.assetcatalog; path = Assets.xcassets; sourceTree = "<group>"; };
		DD2814E02380C5AC006C92A2 /* Preview Assets.xcassets */ = {isa = PBXFileReference; lastKnownFileType = folder.assetcatalog; path = "Preview Assets.xcassets"; sourceTree = "<group>"; };
		DD2814E32380C5AC006C92A2 /* Base */ = {isa = PBXFileReference; lastKnownFileType = file.storyboard; name = Base; path = Base.lproj/LaunchScreen.storyboard; sourceTree = "<group>"; };
		DD2814E52380C5AC006C92A2 /* Info.plist */ = {isa = PBXFileReference; lastKnownFileType = text.plist.xml; path = Info.plist; sourceTree = "<group>"; };
		DD2814EB2380C63D006C92A2 /* SlidesView.swift */ = {isa = PBXFileReference; lastKnownFileType = sourcecode.swift; path = SlidesView.swift; sourceTree = "<group>"; };
		DD2814ED2380C711006C92A2 /* StartView.swift */ = {isa = PBXFileReference; lastKnownFileType = sourcecode.swift; path = StartView.swift; sourceTree = "<group>"; };
		DD2814EF2380C756006C92A2 /* SwiftUIMeetup.entitlements */ = {isa = PBXFileReference; lastKnownFileType = text.plist.entitlements; path = SwiftUIMeetup.entitlements; sourceTree = "<group>"; };
		DD2814F12380DF05006C92A2 /* SlideTemplateView.swift */ = {isa = PBXFileReference; lastKnownFileType = sourcecode.swift; path = SlideTemplateView.swift; sourceTree = "<group>"; };
		DD2814F32380ECD3006C92A2 /* SlideRowView.swift */ = {isa = PBXFileReference; lastKnownFileType = sourcecode.swift; path = SlideRowView.swift; sourceTree = "<group>"; };
		DD2814F62380ED67006C92A2 /* HeaderView.swift */ = {isa = PBXFileReference; lastKnownFileType = sourcecode.swift; path = HeaderView.swift; sourceTree = "<group>"; };
		DD9CBFE62380F0B6006C2945 /* Slides.swift */ = {isa = PBXFileReference; lastKnownFileType = sourcecode.swift; path = Slides.swift; sourceTree = "<group>"; };
		DDDD2E792381B7BA00CFF0B6 /* Test.swift */ = {isa = PBXFileReference; lastKnownFileType = sourcecode.swift; path = Test.swift; sourceTree = "<group>"; };
		DDE867DC23816C360005C81B /* DataBinding+Example.swift */ = {isa = PBXFileReference; lastKnownFileType = sourcecode.swift; path = "DataBinding+Example.swift"; sourceTree = "<group>"; };
		DDE867DE23816CCD0005C81B /* SwiftUICodeStructure+Example.swift */ = {isa = PBXFileReference; lastKnownFileType = sourcecode.swift; path = "SwiftUICodeStructure+Example.swift"; sourceTree = "<group>"; };
		DDE867E023816D1F0005C81B /* StateAndDataFlow+Example.swift */ = {isa = PBXFileReference; lastKnownFileType = sourcecode.swift; path = "StateAndDataFlow+Example.swift"; sourceTree = "<group>"; };
		DDE867E423816E660005C81B /* Codable+Example.swift */ = {isa = PBXFileReference; lastKnownFileType = sourcecode.swift; path = "Codable+Example.swift"; sourceTree = "<group>"; };
		DDE867E623817F7A0005C81B /* StackFamily+Example.swift */ = {isa = PBXFileReference; lastKnownFileType = sourcecode.swift; path = "StackFamily+Example.swift"; sourceTree = "<group>"; };
		DDE867E8238182CB0005C81B /* List_Example.swift */ = {isa = PBXFileReference; lastKnownFileType = sourcecode.swift; path = List_Example.swift; sourceTree = "<group>"; };
		DDE867EA238188CC0005C81B /* Form+Example.swift */ = {isa = PBXFileReference; lastKnownFileType = sourcecode.swift; path = "Form+Example.swift"; sourceTree = "<group>"; };
		DDE867EC23818BDA0005C81B /* ViewModifier+Example.swift */ = {isa = PBXFileReference; lastKnownFileType = sourcecode.swift; path = "ViewModifier+Example.swift"; sourceTree = "<group>"; };
		DDE867EE2381948B0005C81B /* Button+Example.swift */ = {isa = PBXFileReference; lastKnownFileType = sourcecode.swift; path = "Button+Example.swift"; sourceTree = "<group>"; };
		DDE867F0238198C00005C81B /* UIViewControllerRepresentable+Example.swift */ = {isa = PBXFileReference; lastKnownFileType = sourcecode.swift; path = "UIViewControllerRepresentable+Example.swift"; sourceTree = "<group>"; };
		DDEBC5EE2381507E00DAE84B /* Slide.swift */ = {isa = PBXFileReference; lastKnownFileType = sourcecode.swift; path = Slide.swift; sourceTree = "<group>"; };
		DDEBC5F023815D4D00DAE84B /* Slide1Example.swift */ = {isa = PBXFileReference; lastKnownFileType = sourcecode.swift; path = Slide1Example.swift; sourceTree = "<group>"; };
/* End PBXFileReference section */

/* Begin PBXFrameworksBuildPhase section */
		DD2814CE2380C5AA006C92A2 /* Frameworks */ = {
			isa = PBXFrameworksBuildPhase;
			buildActionMask = 2147483647;
			files = (
			);
			runOnlyForDeploymentPostprocessing = 0;
		};
/* End PBXFrameworksBuildPhase section */

/* Begin PBXGroup section */
		DD2814C82380C5AA006C92A2 = {
			isa = PBXGroup;
			children = (
				DD2814D32380C5AA006C92A2 /* SwiftUIMeetup */,
				DD2814D22380C5AA006C92A2 /* Products */,
			);
			sourceTree = "<group>";
		};
		DD2814D22380C5AA006C92A2 /* Products */ = {
			isa = PBXGroup;
			children = (
				DD2814D12380C5AA006C92A2 /* SwiftUIMeetup.app */,
			);
			name = Products;
			sourceTree = "<group>";
		};
		DD2814D32380C5AA006C92A2 /* SwiftUIMeetup */ = {
			isa = PBXGroup;
			children = (
				DD2814EF2380C756006C92A2 /* SwiftUIMeetup.entitlements */,
				DD2814D42380C5AA006C92A2 /* AppDelegate.swift */,
				DD2814D62380C5AA006C92A2 /* SceneDelegate.swift */,
				DD9CBFE82380F0BC006C2945 /* Models */,
				DD2814F02380CF90006C92A2 /* Slides */,
				DD2814F52380ECEC006C92A2 /* CustomViews */,
				DD2814DD2380C5AC006C92A2 /* Assets.xcassets */,
				DD2814E22380C5AC006C92A2 /* LaunchScreen.storyboard */,
				DD2814E52380C5AC006C92A2 /* Info.plist */,
				DD2814D82380C5AA006C92A2 /* SwiftUIMeetup.xcdatamodeld */,
				DD2814DF2380C5AC006C92A2 /* Preview Content */,
			);
			path = SwiftUIMeetup;
			sourceTree = "<group>";
		};
		DD2814DF2380C5AC006C92A2 /* Preview Content */ = {
			isa = PBXGroup;
			children = (
				DD2814E02380C5AC006C92A2 /* Preview Assets.xcassets */,
			);
			path = "Preview Content";
			sourceTree = "<group>";
		};
		DD2814F02380CF90006C92A2 /* Slides */ = {
			isa = PBXGroup;
			children = (
				DD2814EB2380C63D006C92A2 /* SlidesView.swift */,
				DD2814F12380DF05006C92A2 /* SlideTemplateView.swift */,
				DD2814ED2380C711006C92A2 /* StartView.swift */,
				DDEBC5F223815D5500DAE84B /* Examples */,
			);
			path = Slides;
			sourceTree = "<group>";
		};
		DD2814F52380ECEC006C92A2 /* CustomViews */ = {
			isa = PBXGroup;
			children = (
				DD2814F32380ECD3006C92A2 /* SlideRowView.swift */,
				DD2814F62380ED67006C92A2 /* HeaderView.swift */,
			);
			path = CustomViews;
			sourceTree = "<group>";
		};
		DD9CBFE82380F0BC006C2945 /* Models */ = {
			isa = PBXGroup;
			children = (
				DDEBC5EE2381507E00DAE84B /* Slide.swift */,
				DD9CBFE62380F0B6006C2945 /* Slides.swift */,
			);
			path = Models;
			sourceTree = "<group>";
		};
		DDEBC5F223815D5500DAE84B /* Examples */ = {
			isa = PBXGroup;
			children = (
				DDEBC5F023815D4D00DAE84B /* Slide1Example.swift */,
				DDE867DE23816CCD0005C81B /* SwiftUICodeStructure+Example.swift */,
				DDE867E023816D1F0005C81B /* StateAndDataFlow+Example.swift */,
				DDE867DC23816C360005C81B /* DataBinding+Example.swift */,
				DDE867E423816E660005C81B /* Codable+Example.swift */,
				DDE867E623817F7A0005C81B /* StackFamily+Example.swift */,
				DDE867E8238182CB0005C81B /* List_Example.swift */,
				DDE867EA238188CC0005C81B /* Form+Example.swift */,
				DDE867EC23818BDA0005C81B /* ViewModifier+Example.swift */,
				DDE867EE2381948B0005C81B /* Button+Example.swift */,
				DDE867F0238198C00005C81B /* UIViewControllerRepresentable+Example.swift */,
				DD1C26DA23819EFE00CBB83D /* UIViewRepresentable+Example.swift */,
				DD1C26DC2381A21B00CBB83D /* Previewer+Example.swift */,
				DDDD2E792381B7BA00CFF0B6 /* Test.swift */,
			);
			path = Examples;
			sourceTree = "<group>";
		};
/* End PBXGroup section */

/* Begin PBXNativeTarget section */
		DD2814D02380C5AA006C92A2 /* SwiftUIMeetup */ = {
			isa = PBXNativeTarget;
			buildConfigurationList = DD2814E82380C5AC006C92A2 /* Build configuration list for PBXNativeTarget "SwiftUIMeetup" */;
			buildPhases = (
				DD2814CD2380C5AA006C92A2 /* Sources */,
				DD2814CE2380C5AA006C92A2 /* Frameworks */,
				DD2814CF2380C5AA006C92A2 /* Resources */,
			);
			buildRules = (
			);
			dependencies = (
			);
			name = SwiftUIMeetup;
			productName = SwiftUIMeetup;
			productReference = DD2814D12380C5AA006C92A2 /* SwiftUIMeetup.app */;
			productType = "com.apple.product-type.application";
		};
/* End PBXNativeTarget section */

/* Begin PBXProject section */
		DD2814C92380C5AA006C92A2 /* Project object */ = {
			isa = PBXProject;
			attributes = {
				LastSwiftUpdateCheck = 1120;
				LastUpgradeCheck = 1120;
				ORGANIZATIONNAME = "Abdullah Alhaider";
				TargetAttributes = {
					DD2814D02380C5AA006C92A2 = {
						CreatedOnToolsVersion = 11.2.1;
					};
				};
			};
			buildConfigurationList = DD2814CC2380C5AA006C92A2 /* Build configuration list for PBXProject "SwiftUIMeetup" */;
			compatibilityVersion = "Xcode 9.3";
			developmentRegion = en;
			hasScannedForEncodings = 0;
			knownRegions = (
				en,
				Base,
			);
			mainGroup = DD2814C82380C5AA006C92A2;
			productRefGroup = DD2814D22380C5AA006C92A2 /* Products */;
			projectDirPath = "";
			projectRoot = "";
			targets = (
				DD2814D02380C5AA006C92A2 /* SwiftUIMeetup */,
			);
		};
/* End PBXProject section */

/* Begin PBXResourcesBuildPhase section */
		DD2814CF2380C5AA006C92A2 /* Resources */ = {
			isa = PBXResourcesBuildPhase;
			buildActionMask = 2147483647;
			files = (
				DD2814E42380C5AC006C92A2 /* LaunchScreen.storyboard in Resources */,
				DD2814E12380C5AC006C92A2 /* Preview Assets.xcassets in Resources */,
				DD2814DE2380C5AC006C92A2 /* Assets.xcassets in Resources */,
			);
			runOnlyForDeploymentPostprocessing = 0;
		};
/* End PBXResourcesBuildPhase section */

/* Begin PBXSourcesBuildPhase section */
		DD2814CD2380C5AA006C92A2 /* Sources */ = {
			isa = PBXSourcesBuildPhase;
			buildActionMask = 2147483647;
			files = (
				DDE867EB238188CC0005C81B /* Form+Example.swift in Sources */,
				DDEBC5F123815D4D00DAE84B /* Slide1Example.swift in Sources */,
				DD2814DA2380C5AA006C92A2 /* SwiftUIMeetup.xcdatamodeld in Sources */,
				DD2814D52380C5AA006C92A2 /* AppDelegate.swift in Sources */,
				DDE867E723817F7A0005C81B /* StackFamily+Example.swift in Sources */,
				DDDD2E7A2381B7BA00CFF0B6 /* Test.swift in Sources */,
				DD2814EE2380C711006C92A2 /* StartView.swift in Sources */,
				DD2814D72380C5AA006C92A2 /* SceneDelegate.swift in Sources */,
				DD1C26DD2381A21B00CBB83D /* Previewer+Example.swift in Sources */,
				DDE867ED23818BDA0005C81B /* ViewModifier+Example.swift in Sources */,
				DD9CBFE72380F0B6006C2945 /* Slides.swift in Sources */,
				DD2814F22380DF05006C92A2 /* SlideTemplateView.swift in Sources */,
				DDE867E523816E660005C81B /* Codable+Example.swift in Sources */,
				DD2814EC2380C63D006C92A2 /* SlidesView.swift in Sources */,
				DD1C26DB23819EFE00CBB83D /* UIViewRepresentable+Example.swift in Sources */,
				DDE867F1238198C00005C81B /* UIViewControllerRepresentable+Example.swift in Sources */,
				DDE867E9238182CB0005C81B /* List_Example.swift in Sources */,
				DDE867DD23816C360005C81B /* DataBinding+Example.swift in Sources */,
				DDE867EF2381948B0005C81B /* Button+Example.swift in Sources */,
				DD2814F42380ECD3006C92A2 /* SlideRowView.swift in Sources */,
				DDE867E123816D1F0005C81B /* StateAndDataFlow+Example.swift in Sources */,
				DD2814F72380ED67006C92A2 /* HeaderView.swift in Sources */,
				DDE867DF23816CCD0005C81B /* SwiftUICodeStructure+Example.swift in Sources */,
				DDEBC5EF2381507E00DAE84B /* Slide.swift in Sources */,
			);
			runOnlyForDeploymentPostprocessing = 0;
		};
/* End PBXSourcesBuildPhase section */

/* Begin PBXVariantGroup section */
		DD2814E22380C5AC006C92A2 /* LaunchScreen.storyboard */ = {
			isa = PBXVariantGroup;
			children = (
				DD2814E32380C5AC006C92A2 /* Base */,
			);
			name = LaunchScreen.storyboard;
			sourceTree = "<group>";
		};
/* End PBXVariantGroup section */

/* Begin XCBuildConfiguration section */
		DD2814E62380C5AC006C92A2 /* Debug */ = {
			isa = XCBuildConfiguration;
			buildSettings = {
				ALWAYS_SEARCH_USER_PATHS = NO;
				CLANG_ANALYZER_NONNULL = YES;
				CLANG_ANALYZER_NUMBER_OBJECT_CONVERSION = YES_AGGRESSIVE;
				CLANG_CXX_LANGUAGE_STANDARD = "gnu++14";
				CLANG_CXX_LIBRARY = "libc++";
				CLANG_ENABLE_MODULES = YES;
				CLANG_ENABLE_OBJC_ARC = YES;
				CLANG_ENABLE_OBJC_WEAK = YES;
				CLANG_WARN_BLOCK_CAPTURE_AUTORELEASING = YES;
				CLANG_WARN_BOOL_CONVERSION = YES;
				CLANG_WARN_COMMA = YES;
				CLANG_WARN_CONSTANT_CONVERSION = YES;
				CLANG_WARN_DEPRECATED_OBJC_IMPLEMENTATIONS = YES;
				CLANG_WARN_DIRECT_OBJC_ISA_USAGE = YES_ERROR;
				CLANG_WARN_DOCUMENTATION_COMMENTS = YES;
				CLANG_WARN_EMPTY_BODY = YES;
				CLANG_WARN_ENUM_CONVERSION = YES;
				CLANG_WARN_INFINITE_RECURSION = YES;
				CLANG_WARN_INT_CONVERSION = YES;
				CLANG_WARN_NON_LITERAL_NULL_CONVERSION = YES;
				CLANG_WARN_OBJC_IMPLICIT_RETAIN_SELF = YES;
				CLANG_WARN_OBJC_LITERAL_CONVERSION = YES;
				CLANG_WARN_OBJC_ROOT_CLASS = YES_ERROR;
				CLANG_WARN_RANGE_LOOP_ANALYSIS = YES;
				CLANG_WARN_STRICT_PROTOTYPES = YES;
				CLANG_WARN_SUSPICIOUS_MOVE = YES;
				CLANG_WARN_UNGUARDED_AVAILABILITY = YES_AGGRESSIVE;
				CLANG_WARN_UNREACHABLE_CODE = YES;
				CLANG_WARN__DUPLICATE_METHOD_MATCH = YES;
				COPY_PHASE_STRIP = NO;
				DEBUG_INFORMATION_FORMAT = dwarf;
				ENABLE_STRICT_OBJC_MSGSEND = YES;
				ENABLE_TESTABILITY = YES;
				GCC_C_LANGUAGE_STANDARD = gnu11;
				GCC_DYNAMIC_NO_PIC = NO;
				GCC_NO_COMMON_BLOCKS = YES;
				GCC_OPTIMIZATION_LEVEL = 0;
				GCC_PREPROCESSOR_DEFINITIONS = (
					"DEBUG=1",
					"$(inherited)",
				);
				GCC_WARN_64_TO_32_BIT_CONVERSION = YES;
				GCC_WARN_ABOUT_RETURN_TYPE = YES_ERROR;
				GCC_WARN_UNDECLARED_SELECTOR = YES;
				GCC_WARN_UNINITIALIZED_AUTOS = YES_AGGRESSIVE;
				GCC_WARN_UNUSED_FUNCTION = YES;
				GCC_WARN_UNUSED_VARIABLE = YES;
				IPHONEOS_DEPLOYMENT_TARGET = 13.2;
				MTL_ENABLE_DEBUG_INFO = INCLUDE_SOURCE;
				MTL_FAST_MATH = YES;
				ONLY_ACTIVE_ARCH = YES;
				SDKROOT = iphoneos;
				SWIFT_ACTIVE_COMPILATION_CONDITIONS = DEBUG;
				SWIFT_OPTIMIZATION_LEVEL = "-Onone";
			};
			name = Debug;
		};
		DD2814E72380C5AC006C92A2 /* Release */ = {
			isa = XCBuildConfiguration;
			buildSettings = {
				ALWAYS_SEARCH_USER_PATHS = NO;
				CLANG_ANALYZER_NONNULL = YES;
				CLANG_ANALYZER_NUMBER_OBJECT_CONVERSION = YES_AGGRESSIVE;
				CLANG_CXX_LANGUAGE_STANDARD = "gnu++14";
				CLANG_CXX_LIBRARY = "libc++";
				CLANG_ENABLE_MODULES = YES;
				CLANG_ENABLE_OBJC_ARC = YES;
				CLANG_ENABLE_OBJC_WEAK = YES;
				CLANG_WARN_BLOCK_CAPTURE_AUTORELEASING = YES;
				CLANG_WARN_BOOL_CONVERSION = YES;
				CLANG_WARN_COMMA = YES;
				CLANG_WARN_CONSTANT_CONVERSION = YES;
				CLANG_WARN_DEPRECATED_OBJC_IMPLEMENTATIONS = YES;
				CLANG_WARN_DIRECT_OBJC_ISA_USAGE = YES_ERROR;
				CLANG_WARN_DOCUMENTATION_COMMENTS = YES;
				CLANG_WARN_EMPTY_BODY = YES;
				CLANG_WARN_ENUM_CONVERSION = YES;
				CLANG_WARN_INFINITE_RECURSION = YES;
				CLANG_WARN_INT_CONVERSION = YES;
				CLANG_WARN_NON_LITERAL_NULL_CONVERSION = YES;
				CLANG_WARN_OBJC_IMPLICIT_RETAIN_SELF = YES;
				CLANG_WARN_OBJC_LITERAL_CONVERSION = YES;
				CLANG_WARN_OBJC_ROOT_CLASS = YES_ERROR;
				CLANG_WARN_RANGE_LOOP_ANALYSIS = YES;
				CLANG_WARN_STRICT_PROTOTYPES = YES;
				CLANG_WARN_SUSPICIOUS_MOVE = YES;
				CLANG_WARN_UNGUARDED_AVAILABILITY = YES_AGGRESSIVE;
				CLANG_WARN_UNREACHABLE_CODE = YES;
				CLANG_WARN__DUPLICATE_METHOD_MATCH = YES;
				COPY_PHASE_STRIP = NO;
				DEBUG_INFORMATION_FORMAT = "dwarf-with-dsym";
				ENABLE_NS_ASSERTIONS = NO;
				ENABLE_STRICT_OBJC_MSGSEND = YES;
				GCC_C_LANGUAGE_STANDARD = gnu11;
				GCC_NO_COMMON_BLOCKS = YES;
				GCC_WARN_64_TO_32_BIT_CONVERSION = YES;
				GCC_WARN_ABOUT_RETURN_TYPE = YES_ERROR;
				GCC_WARN_UNDECLARED_SELECTOR = YES;
				GCC_WARN_UNINITIALIZED_AUTOS = YES_AGGRESSIVE;
				GCC_WARN_UNUSED_FUNCTION = YES;
				GCC_WARN_UNUSED_VARIABLE = YES;
				IPHONEOS_DEPLOYMENT_TARGET = 13.2;
				MTL_ENABLE_DEBUG_INFO = NO;
				MTL_FAST_MATH = YES;
				SDKROOT = iphoneos;
				SWIFT_COMPILATION_MODE = wholemodule;
				SWIFT_OPTIMIZATION_LEVEL = "-O";
				VALIDATE_PRODUCT = YES;
			};
			name = Release;
		};
		DD2814E92380C5AC006C92A2 /* Debug */ = {
			isa = XCBuildConfiguration;
			buildSettings = {
				ASSETCATALOG_COMPILER_APPICON_NAME = AppIcon;
				CODE_SIGN_ENTITLEMENTS = SwiftUIMeetup/SwiftUIMeetup.entitlements;
				CODE_SIGN_STYLE = Automatic;
				DERIVE_MACCATALYST_PRODUCT_BUNDLE_IDENTIFIER = YES;
				DEVELOPMENT_ASSET_PATHS = "\"SwiftUIMeetup/Preview Content\"";
				DEVELOPMENT_TEAM = G69L3HCQBT;
				ENABLE_PREVIEWS = YES;
				INFOPLIST_FILE = SwiftUIMeetup/Info.plist;
				LD_RUNPATH_SEARCH_PATHS = (
					"$(inherited)",
					"@executable_path/Frameworks",
				);
				PRODUCT_BUNDLE_IDENTIFIER = net.alhaider.SwiftUIMeetup;
				PRODUCT_NAME = "$(TARGET_NAME)";
				SUPPORTS_MACCATALYST = YES;
				SWIFT_VERSION = 5.0;
				TARGETED_DEVICE_FAMILY = "1,2";
			};
			name = Debug;
		};
		DD2814EA2380C5AC006C92A2 /* Release */ = {
			isa = XCBuildConfiguration;
			buildSettings = {
				ASSETCATALOG_COMPILER_APPICON_NAME = AppIcon;
				CODE_SIGN_ENTITLEMENTS = SwiftUIMeetup/SwiftUIMeetup.entitlements;
				CODE_SIGN_STYLE = Automatic;
				DERIVE_MACCATALYST_PRODUCT_BUNDLE_IDENTIFIER = YES;
				DEVELOPMENT_ASSET_PATHS = "\"SwiftUIMeetup/Preview Content\"";
				DEVELOPMENT_TEAM = G69L3HCQBT;
				ENABLE_PREVIEWS = YES;
				INFOPLIST_FILE = SwiftUIMeetup/Info.plist;
				LD_RUNPATH_SEARCH_PATHS = (
					"$(inherited)",
					"@executable_path/Frameworks",
				);
				PRODUCT_BUNDLE_IDENTIFIER = net.alhaider.SwiftUIMeetup;
				PRODUCT_NAME = "$(TARGET_NAME)";
				SUPPORTS_MACCATALYST = YES;
				SWIFT_VERSION = 5.0;
				TARGETED_DEVICE_FAMILY = "1,2";
			};
			name = Release;
		};
/* End XCBuildConfiguration section */

/* Begin XCConfigurationList section */
		DD2814CC2380C5AA006C92A2 /* Build configuration list for PBXProject "SwiftUIMeetup" */ = {
			isa = XCConfigurationList;
			buildConfigurations = (
				DD2814E62380C5AC006C92A2 /* Debug */,
				DD2814E72380C5AC006C92A2 /* Release */,
			);
			defaultConfigurationIsVisible = 0;
			defaultConfigurationName = Release;
		};
		DD2814E82380C5AC006C92A2 /* Build configuration list for PBXNativeTarget "SwiftUIMeetup" */ = {
			isa = XCConfigurationList;
			buildConfigurations = (
				DD2814E92380C5AC006C92A2 /* Debug */,
				DD2814EA2380C5AC006C92A2 /* Release */,
			);
			defaultConfigurationIsVisible = 0;
			defaultConfigurationName = Release;
		};
/* End XCConfigurationList section */

/* Begin XCVersionGroup section */
		DD2814D82380C5AA006C92A2 /* SwiftUIMeetup.xcdatamodeld */ = {
			isa = XCVersionGroup;
			children = (
				DD2814D92380C5AA006C92A2 /* SwiftUIMeetup.xcdatamodel */,
			);
			currentVersion = DD2814D92380C5AA006C92A2 /* SwiftUIMeetup.xcdatamodel */;
			path = SwiftUIMeetup.xcdatamodeld;
			sourceTree = "<group>";
			versionGroupType = wrapper.xcdatamodel;
		};
/* End XCVersionGroup section */
	};
	rootObject = DD2814C92380C5AA006C92A2 /* Project object */;
}
